
Microsoft Visual Studio Solution File, Format Version 12.00
# Visual Studio Express 2012 for Windows Desktop
Project("{FAE04EC0-301F-11D3-BF4B-00C04F79EFBC}") = "kerbcam", "KerbCam\kerbcam.csproj", "{ACC76DF4-A0A5-4BC5-91B4-EF5AF6D22B59}"
EndProject
Project("{FAE04EC0-301F-11D3-BF4B-00C04F79EFBC}") = "KerbCamTest", "KerbCamTest\KerbCamTest.csproj", "{9FB7F49A-8336-46EE-9227-5621B797D5A8}"
EndProject
Global
	GlobalSection(SolutionConfigurationPlatforms) = preSolution
		Debug|Any CPU = Debug|Any CPU
		Debug|Mixed Platforms = Debug|Mixed Platforms
		Debug|x86 = Debug|x86
		Release|Any CPU = Release|Any CPU
		Release|Mixed Platforms = Release|Mixed Platforms
		Release|x86 = Release|x86
	EndGlobalSection
	GlobalSection(ProjectConfigurationPlatforms) = postSolution
		{ACC76DF4-A0A5-4BC5-91B4-EF5AF6D22B59}.Debug|Any CPU.ActiveCfg = Debug|Any CPU
		{ACC76DF4-A0A5-4BC5-91B4-EF5AF6D22B59}.Debug|Any CPU.Build.0 = Debug|Any CPU
		{ACC76DF4-A0A5-4BC5-91B4-EF5AF6D22B59}.Debug|Mixed Platforms.ActiveCfg = Debug|Any CPU
		{ACC76DF4-A0A5-4BC5-91B4-EF5AF6D22B59}.Debug|Mixed Platforms.Build.0 = Debug|Any CPU
		{ACC76DF4-A0A5-4BC5-91B4-EF5AF6D22B59}.Debug|x86.ActiveCfg = Debug|Any CPU
		{ACC76DF4-A0A5-4BC5-91B4-EF5AF6D22B59}.Release|Any CPU.ActiveCfg = Release|Any CPU
		{ACC76DF4-A0A5-4BC5-91B4-EF5AF6D22B59}.Release|Any CPU.Build.0 = Release|Any CPU
		{ACC76DF4-A0A5-4BC5-91B4-EF5AF6D22B59}.Release|Mixed Platforms.ActiveCfg = Release|Any CPU
		{ACC76DF4-A0A5-4BC5-91B4-EF5AF6D22B59}.Release|Mixed Platforms.Build.0 = Release|Any CPU
		{ACC76DF4-A0A5-4BC5-91B4-EF5AF6D22B59}.Release|x86.ActiveCfg = Release|Any CPU
		{9FB7F49A-8336-46EE-9227-5621B797D5A8}.Debug|Any CPU.ActiveCfg = Debug|Any CPU
		{9FB7F49A-8336-46EE-9227-5621B797D5A8}.Debug|Any CPU.Build.0 = Debug|Any CPU
		{9FB7F49A-8336-46EE-9227-5621B797D5A8}.Debug|Mixed Platforms.ActiveCfg = Debug|Any CPU
		{9FB7F49A-8336-46EE-9227-5621B797D5A8}.Debug|Mixed Platforms.Build.0 = Debug|Any CPU
		{9FB7F49A-8336-46EE-9227-5621B797D5A8}.Debug|x86.ActiveCfg = Debug|Any CPU
		{9FB7F49A-8336-46EE-9227-5621B797D5A8}.Release|Any CPU.ActiveCfg = Release|Any CPU
		{9FB7F49A-8336-46EE-9227-5621B797D5A8}.Release|Any CPU.Build.0 = Release|Any CPU
		{9FB7F49A-8336-46EE-9227-5621B797D5A8}.Release|Mixed Platforms.ActiveCfg = Release|Any CPU
		{9FB7F49A-8336-46EE-9227-5621B797D5A8}.Release|Mixed Platforms.Build.0 = Release|Any CPU
		{9FB7F49A-8336-46EE-9227-5621B797D5A8}.Release|x86.ActiveCfg = Release|Any CPU
	EndGlobalSection
	GlobalSection(SolutionProperties) = preSolution
		HideSolutionNode = FALSE
	EndGlobalSection
	GlobalSection(MonoDevelopProperties) = preSolution
		StartupItem = KerbCam\kerbcam.csproj
	EndGlobalSection
EndGlobal
